
Microsoft Visual Studio Solution File, Format Version 12.00
# Visual Studio Version 17
VisualStudioVersion = 17.0.31903.59
MinimumVisualStudioVersion = 10.0.40219.1
Project("{2150E333-8FDC-42A3-9474-1A3956D46DE8}") = "src", "src", "{6D00F2D6-1807-4DD2-A22F-C797B0A82A32}"
EndProject
Project("{FAE04EC0-301F-11D3-BF4B-00C04F79EFBC}") = "APICover.Abstractions", "src\APICover.Abstractions\APICover.Abstractions.csproj", "{2B34312B-FC03-4B7D-AC87-5B07D3B044D9}"
EndProject
Project("{FAE04EC0-301F-11D3-BF4B-00C04F79EFBC}") = "APICover", "src\APICover\APICover.csproj", "{7838BDB1-EAED-4778-837E-6CF0E6C68C4C}"
EndProject
Project("{FAE04EC0-301F-11D3-BF4B-00C04F79EFBC}") = "APICover.Storage.Sqlite", "src\APICover.Storage.Sqlite\APICover.Storage.Sqlite.csproj", "{AF149DC4-5D9B-4903-A854-230CC7439C64}"
EndProject
Project("{FAE04EC0-301F-11D3-BF4B-00C04F79EFBC}") = "APICover.Storage.SqlServer", "src\APICover.Storage.SqlServer\APICover.Storage.SqlServer.csproj", "{1F825FA2-8061-4061-94E8-9A1FC0EB0500}"
EndProject
Project("{FAE04EC0-301F-11D3-BF4B-00C04F79EFBC}") = "APICover.Storage.Postgres", "src\APICover.Storage.Postgres\APICover.Storage.Postgres.csproj", "{40481677-9BEE-476F-B151-65393C78EE91}"
EndProject
Project("{FAE04EC0-301F-11D3-BF4B-00C04F79EFBC}") = "APICover.UI.Web", "src\APICover.UI.Web\APICover.UI.Web.csproj", "{B7AF97AE-F1B8-4EEE-9141-84922590853A}"
EndProject
Project("{2150E333-8FDC-42A3-9474-1A3956D46DE8}") = "tests", "tests", "{1ED7D0EA-B0EC-4A05-8B1F-570E4FC70BD9}"
EndProject
Project("{FAE04EC0-301F-11D3-BF4B-00C04F79EFBC}") = "APICover.Tests", "tests\APICover.Tests\APICover.Tests.csproj", "{EBA0D272-3416-42C8-BC0F-037D8DC61A3F}"
EndProject
Project("{FAE04EC0-301F-11D3-BF4B-00C04F79EFBC}") = "APICover.IntegrationTests", "tests\APICover.IntegrationTests\APICover.IntegrationTests.csproj", "{2E050E03-75F6-4D8D-BD4A-A188F6E9CC89}"
EndProject
Project("{2150E333-8FDC-42A3-9474-1A3956D46DE8}") = "samples", "samples", "{C043AB5E-C09D-4308-A869-7FD5DF3A241A}"
EndProject
Project("{FAE04EC0-301F-11D3-BF4B-00C04F79EFBC}") = "Utopia.Sample.WebApi", "samples\Utopia.Sample.WebApi\Utopia.Sample.WebApi.csproj", "{AF129C1E-A49F-4633-AAEA-498BFCEAD8DC}"
EndProject
Project("{FAE04EC0-301F-11D3-BF4B-00C04F79EFBC}") = "APICover.Agent", "src\APICover.Agent\APICover.Agent.csproj", "{D5D4467A-D9E4-4CB8-82F8-403E974D7D42}"
EndProject
Project("{FAE04EC0-301F-11D3-BF4B-00C04F79EFBC}") = "APICover.Agent.Tests", "tests\APICover.Agent.Tests\APICover.Agent.Tests.csproj", "{E86A9857-B3F2-4587-A947-E47A06C8610C}"
EndProject
Project("{FAE04EC0-301F-11D3-BF4B-00C04F79EFBC}") = "APICover.Agent.IntegrationTests", "tests\APICover.Agent.IntegrationTests\APICover.Agent.IntegrationTests.csproj", "{895581E9-D0E9-4A63-AC5D-A458FDFD5F5E}"
EndProject
Project("{FAE04EC0-301F-11D3-BF4B-00C04F79EFBC}") = "APICover.Mcp", "src\APICover.Mcp\APICover.Mcp.csproj", "{54BB141D-B6EB-46D4-A276-F0B5DF6C593A}"
EndProject
Project("{2150E333-8FDC-42A3-9474-1A3956D46DE8}") = "tools", "tools", "{85E34083-B770-4C6B-BDD4-8A1CA21860F9}"
EndProject
Project("{FAE04EC0-301F-11D3-BF4B-00C04F79EFBC}") = "APICover.Mcp.Stdio", "tools\APICover.Mcp.Stdio\APICover.Mcp.Stdio.csproj", "{B2A5A16D-34E6-4664-B51B-2B376714400A}"
EndProject
Global
	GlobalSection(SolutionConfigurationPlatforms) = preSolution
		Debug|Any CPU = Debug|Any CPU
		Release|Any CPU = Release|Any CPU
	EndGlobalSection
	GlobalSection(SolutionProperties) = preSolution
		HideSolutionNode = FALSE
	EndGlobalSection
	GlobalSection(ProjectConfigurationPlatforms) = postSolution
		{2B34312B-FC03-4B7D-AC87-5B07D3B044D9}.Debug|Any CPU.ActiveCfg = Debug|Any CPU
		{2B34312B-FC03-4B7D-AC87-5B07D3B044D9}.Debug|Any CPU.Build.0 = Debug|Any CPU
		{2B34312B-FC03-4B7D-AC87-5B07D3B044D9}.Release|Any CPU.ActiveCfg = Release|Any CPU
		{2B34312B-FC03-4B7D-AC87-5B07D3B044D9}.Release|Any CPU.Build.0 = Release|Any CPU
		{7838BDB1-EAED-4778-837E-6CF0E6C68C4C}.Debug|Any CPU.ActiveCfg = Debug|Any CPU
		{7838BDB1-EAED-4778-837E-6CF0E6C68C4C}.Debug|Any CPU.Build.0 = Debug|Any CPU
		{7838BDB1-EAED-4778-837E-6CF0E6C68C4C}.Release|Any CPU.ActiveCfg = Release|Any CPU
		{7838BDB1-EAED-4778-837E-6CF0E6C68C4C}.Release|Any CPU.Build.0 = Release|Any CPU
		{AF149DC4-5D9B-4903-A854-230CC7439C64}.Debug|Any CPU.ActiveCfg = Debug|Any CPU
		{AF149DC4-5D9B-4903-A854-230CC7439C64}.Debug|Any CPU.Build.0 = Debug|Any CPU
		{AF149DC4-5D9B-4903-A854-230CC7439C64}.Release|Any CPU.ActiveCfg = Release|Any CPU
		{AF149DC4-5D9B-4903-A854-230CC7439C64}.Release|Any CPU.Build.0 = Release|Any CPU
		{1F825FA2-8061-4061-94E8-9A1FC0EB0500}.Debug|Any CPU.ActiveCfg = Debug|Any CPU
		{1F825FA2-8061-4061-94E8-9A1FC0EB0500}.Debug|Any CPU.Build.0 = Debug|Any CPU
		{1F825FA2-8061-4061-94E8-9A1FC0EB0500}.Release|Any CPU.ActiveCfg = Release|Any CPU
		{1F825FA2-8061-4061-94E8-9A1FC0EB0500}.Release|Any CPU.Build.0 = Release|Any CPU
		{40481677-9BEE-476F-B151-65393C78EE91}.Debug|Any CPU.ActiveCfg = Debug|Any CPU
		{40481677-9BEE-476F-B151-65393C78EE91}.Debug|Any CPU.Build.0 = Debug|Any CPU
		{40481677-9BEE-476F-B151-65393C78EE91}.Release|Any CPU.ActiveCfg = Release|Any CPU
		{40481677-9BEE-476F-B151-65393C78EE91}.Release|Any CPU.Build.0 = Release|Any CPU
		{B7AF97AE-F1B8-4EEE-9141-84922590853A}.Debug|Any CPU.ActiveCfg = Debug|Any CPU
		{B7AF97AE-F1B8-4EEE-9141-84922590853A}.Debug|Any CPU.Build.0 = Debug|Any CPU
		{B7AF97AE-F1B8-4EEE-9141-84922590853A}.Release|Any CPU.ActiveCfg = Release|Any CPU
		{B7AF97AE-F1B8-4EEE-9141-84922590853A}.Release|Any CPU.Build.0 = Release|Any CPU
		{EBA0D272-3416-42C8-BC0F-037D8DC61A3F}.Debug|Any CPU.ActiveCfg = Debug|Any CPU
		{EBA0D272-3416-42C8-BC0F-037D8DC61A3F}.Debug|Any CPU.Build.0 = Debug|Any CPU
		{EBA0D272-3416-42C8-BC0F-037D8DC61A3F}.Release|Any CPU.ActiveCfg = Release|Any CPU
		{EBA0D272-3416-42C8-BC0F-037D8DC61A3F}.Release|Any CPU.Build.0 = Release|Any CPU
		{2E050E03-75F6-4D8D-BD4A-A188F6E9CC89}.Debug|Any CPU.ActiveCfg = Debug|Any CPU
		{2E050E03-75F6-4D8D-BD4A-A188F6E9CC89}.Debug|Any CPU.Build.0 = Debug|Any CPU
		{2E050E03-75F6-4D8D-BD4A-A188F6E9CC89}.Release|Any CPU.ActiveCfg = Release|Any CPU
		{2E050E03-75F6-4D8D-BD4A-A188F6E9CC89}.Release|Any CPU.Build.0 = Release|Any CPU
		{AF129C1E-A49F-4633-AAEA-498BFCEAD8DC}.Debug|Any CPU.ActiveCfg = Debug|Any CPU
		{AF129C1E-A49F-4633-AAEA-498BFCEAD8DC}.Debug|Any CPU.Build.0 = Debug|Any CPU
		{AF129C1E-A49F-4633-AAEA-498BFCEAD8DC}.Release|Any CPU.ActiveCfg = Release|Any CPU
		{AF129C1E-A49F-4633-AAEA-498BFCEAD8DC}.Release|Any CPU.Build.0 = Release|Any CPU
		{D5D4467A-D9E4-4CB8-82F8-403E974D7D42}.Debug|Any CPU.ActiveCfg = Debug|Any CPU
		{D5D4467A-D9E4-4CB8-82F8-403E974D7D42}.Debug|Any CPU.Build.0 = Debug|Any CPU
		{D5D4467A-D9E4-4CB8-82F8-403E974D7D42}.Release|Any CPU.ActiveCfg = Release|Any CPU
		{D5D4467A-D9E4-4CB8-82F8-403E974D7D42}.Release|Any CPU.Build.0 = Release|Any CPU
		{E86A9857-B3F2-4587-A947-E47A06C8610C}.Debug|Any CPU.ActiveCfg = Debug|Any CPU
		{E86A9857-B3F2-4587-A947-E47A06C8610C}.Debug|Any CPU.Build.0 = Debug|Any CPU
		{E86A9857-B3F2-4587-A947-E47A06C8610C}.Release|Any CPU.ActiveCfg = Release|Any CPU
		{E86A9857-B3F2-4587-A947-E47A06C8610C}.Release|Any CPU.Build.0 = Release|Any CPU
		{895581E9-D0E9-4A63-AC5D-A458FDFD5F5E}.Debug|Any CPU.ActiveCfg = Debug|Any CPU
		{895581E9-D0E9-4A63-AC5D-A458FDFD5F5E}.Debug|Any CPU.Build.0 = Debug|Any CPU
		{895581E9-D0E9-4A63-AC5D-A458FDFD5F5E}.Release|Any CPU.ActiveCfg = Release|Any CPU
		{895581E9-D0E9-4A63-AC5D-A458FDFD5F5E}.Release|Any CPU.Build.0 = Release|Any CPU
		{54BB141D-B6EB-46D4-A276-F0B5DF6C593A}.Debug|Any CPU.ActiveCfg = Debug|Any CPU
		{54BB141D-B6EB-46D4-A276-F0B5DF6C593A}.Debug|Any CPU.Build.0 = Debug|Any CPU
		{54BB141D-B6EB-46D4-A276-F0B5DF6C593A}.Release|Any CPU.ActiveCfg = Release|Any CPU
		{54BB141D-B6EB-46D4-A276-F0B5DF6C593A}.Release|Any CPU.Build.0 = Release|Any CPU
		{B2A5A16D-34E6-4664-B51B-2B376714400A}.Debug|Any CPU.ActiveCfg = Debug|Any CPU
		{B2A5A16D-34E6-4664-B51B-2B376714400A}.Debug|Any CPU.Build.0 = Debug|Any CPU
		{B2A5A16D-34E6-4664-B51B-2B376714400A}.Release|Any CPU.ActiveCfg = Release|Any CPU
		{B2A5A16D-34E6-4664-B51B-2B376714400A}.Release|Any CPU.Build.0 = Release|Any CPU
	EndGlobalSection
	GlobalSection(NestedProjects) = preSolution
		{2B34312B-FC03-4B7D-AC87-5B07D3B044D9} = {6D00F2D6-1807-4DD2-A22F-C797B0A82A32}
		{7838BDB1-EAED-4778-837E-6CF0E6C68C4C} = {6D00F2D6-1807-4DD2-A22F-C797B0A82A32}
		{AF149DC4-5D9B-4903-A854-230CC7439C64} = {6D00F2D6-1807-4DD2-A22F-C797B0A82A32}
		{1F825FA2-8061-4061-94E8-9A1FC0EB0500} = {6D00F2D6-1807-4DD2-A22F-C797B0A82A32}
		{40481677-9BEE-476F-B151-65393C78EE91} = {6D00F2D6-1807-4DD2-A22F-C797B0A82A32}
		{B7AF97AE-F1B8-4EEE-9141-84922590853A} = {6D00F2D6-1807-4DD2-A22F-C797B0A82A32}
		{EBA0D272-3416-42C8-BC0F-037D8DC61A3F} = {1ED7D0EA-B0EC-4A05-8B1F-570E4FC70BD9}
		{2E050E03-75F6-4D8D-BD4A-A188F6E9CC89} = {1ED7D0EA-B0EC-4A05-8B1F-570E4FC70BD9}
		{AF129C1E-A49F-4633-AAEA-498BFCEAD8DC} = {C043AB5E-C09D-4308-A869-7FD5DF3A241A}
		{D5D4467A-D9E4-4CB8-82F8-403E974D7D42} = {6D00F2D6-1807-4DD2-A22F-C797B0A82A32}
		{E86A9857-B3F2-4587-A947-E47A06C8610C} = {1ED7D0EA-B0EC-4A05-8B1F-570E4FC70BD9}
		{895581E9-D0E9-4A63-AC5D-A458FDFD5F5E} = {1ED7D0EA-B0EC-4A05-8B1F-570E4FC70BD9}
		{54BB141D-B6EB-46D4-A276-F0B5DF6C593A} = {6D00F2D6-1807-4DD2-A22F-C797B0A82A32}
		{B2A5A16D-34E6-4664-B51B-2B376714400A} = {85E34083-B770-4C6B-BDD4-8A1CA21860F9}
	EndGlobalSection
EndGlobal
